{
  "name": "erol",
  "version": "0.2.7",
  "lockfileVersion": 3,
  "requires": true,
  "packages": {
    "": {
      "name": "erol",
      "version": "0.2.7",
      "license": "AGPL-3.0-only",
      "bin": {
        "erol": "bin/erol.mjs"
      },
      "engines": {
        "node": ">=18"
      }
    }
  }
}
